{
  "nodes": {
    "chaotic": {
      "inputs": {
        "fenix": "fenix",
        "flake-schemas": "flake-schemas",
        "home-manager": "home-manager",
        "jovian": "jovian",
        "nixpkgs": "nixpkgs"
      },
      "locked": {
        "lastModified": 1746962430,
        "narHash": "sha256-3drfZBiNschNC/YVVU/gxz61H6pUnIJwFGrbad1hrPs=",
        "owner": "chaotic-cx",
        "repo": "nyx",
        "rev": "f67e4e4ae622695a6ff875e89178d392115fe28d",
        "type": "github"
      },
      "original": {
        "owner": "chaotic-cx",
        "ref": "nyxpkgs-unstable",
        "repo": "nyx",
        "type": "github"
      }
    },
    "fenix": {
      "inputs": {
        "nixpkgs": [
          "chaotic",
          "nixpkgs"
        ],
        "rust-analyzer-src": "rust-analyzer-src"
      },
      "locked": {
        "lastModified": 1746858783,
        "narHash": "sha256-oLrH70QIWB/KpaI+nztyP1hG4zAEEpMiNk6sA8QLQ/8=",
        "owner": "nix-community",
        "repo": "fenix",
        "rev": "4e3cd098060cca21f2a213ce8c086948df946940",
        "type": "github"
      },
      "original": {
        "owner": "nix-community",
        "repo": "fenix",
        "type": "github"
      }
    },
    "flake-schemas": {
      "locked": {
        "lastModified": 1721999734,
        "narHash": "sha256-G5CxYeJVm4lcEtaO87LKzOsVnWeTcHGKbKxNamNWgOw=",
        "rev": "0a5c42297d870156d9c57d8f99e476b738dcd982",
        "revCount": 75,
        "type": "tarball",
        "url": "https://api.flakehub.com/f/pinned/DeterminateSystems/flake-schemas/0.1.5/0190ef2f-61e0-794b-ba14-e82f225e55e6/source.tar.gz"
      },
      "original": {
        "type": "tarball",
        "url": "https://flakehub.com/f/DeterminateSystems/flake-schemas/%3D0.1.5.tar.gz"
      }
    },
    "home-manager": {
      "inputs": {
        "nixpkgs": [
          "chaotic",
          "nixpkgs"
        ]
      },
      "locked": {
        "lastModified": 1746925690,
        "narHash": "sha256-qbCIdIK3CEMfD+X9bMvp/ZLNxU722RV7zD7kUQS9OBg=",
        "owner": "nix-community",
        "repo": "home-manager",
        "rev": "de496c9ccb705ed76c1f23c2cad13e8970c37f0b",
        "type": "github"
      },
      "original": {
        "owner": "nix-community",
        "repo": "home-manager",
        "type": "github"
      }
    },
    "home-manager_2": {
      "inputs": {
        "nixpkgs": [
          "nixpkgs"
        ]
      },
      "locked": {
        "lastModified": 1746950680,
        "narHash": "sha256-tSEJ/8Tjtoy4yKbfMhIgKcSR/UJ4GjYlM4BT84+YKW8=",
        "owner": "nix-community",
        "repo": "home-manager",
        "rev": "6991569cb7cdde9891f52b43abe9916779df45b0",
        "type": "github"
      },
      "original": {
        "owner": "nix-community",
        "repo": "home-manager",
        "type": "github"
      }
    },
    "home-manager_3": {
      "inputs": {
        "nixpkgs": [
          "zen-browser",
          "nixpkgs"
        ]
      },
      "locked": {
        "lastModified": 1743604125,
        "narHash": "sha256-ZD61DNbsBt1mQbinAaaEqKaJk2RFo9R/j+eYWeGMx7A=",
        "owner": "nix-community",
        "repo": "home-manager",
        "rev": "180fd43eea296e62ae68e079fcf56aba268b9a1a",
        "type": "github"
      },
      "original": {
        "owner": "nix-community",
        "repo": "home-manager",
        "type": "github"
      }
    },
    "jovian": {
      "inputs": {
        "nix-github-actions": "nix-github-actions",
        "nixpkgs": [
          "chaotic",
          "nixpkgs"
        ]
      },
      "locked": {
        "lastModified": 1746681524,
        "narHash": "sha256-c5kDVFh+vVfQSEXdVIudFRzPH3LO8j2ImgsBeo8v+Eo=",
        "owner": "Jovian-Experiments",
        "repo": "Jovian-NixOS",
        "rev": "14eb8f7d2b0cca74691db620292037bdb813ceb7",
        "type": "github"
      },
      "original": {
        "owner": "Jovian-Experiments",
        "repo": "Jovian-NixOS",
        "type": "github"
      }
    },
    "nix-github-actions": {
      "inputs": {
        "nixpkgs": [
          "chaotic",
          "jovian",
          "nixpkgs"
        ]
      },
      "locked": {
        "lastModified": 1729697500,
        "narHash": "sha256-VFTWrbzDlZyFHHb1AlKRiD/qqCJIripXKiCSFS8fAOY=",
        "owner": "zhaofengli",
        "repo": "nix-github-actions",
        "rev": "e418aeb728b6aa5ca8c5c71974e7159c2df1d8cf",
        "type": "github"
      },
      "original": {
        "owner": "zhaofengli",
        "ref": "matrix-name",
        "repo": "nix-github-actions",
        "type": "github"
      }
    },
    "nixpkgs": {
      "locked": {
        "lastModified": 1746663147,
        "narHash": "sha256-Ua0drDHawlzNqJnclTJGf87dBmaO/tn7iZ+TCkTRpRc=",
        "owner": "NixOS",
        "repo": "nixpkgs",
        "rev": "dda3dcd3fe03e991015e9a74b22d35950f264a54",
        "type": "github"
      },
      "original": {
        "owner": "NixOS",
        "ref": "nixos-unstable",
        "repo": "nixpkgs",
        "type": "github"
      }
    },
    "nixpkgs_2": {
      "locked": {
        "lastModified": 1746663147,
        "narHash": "sha256-Ua0drDHawlzNqJnclTJGf87dBmaO/tn7iZ+TCkTRpRc=",
        "owner": "nixos",
        "repo": "nixpkgs",
        "rev": "dda3dcd3fe03e991015e9a74b22d35950f264a54",
        "type": "github"
      },
      "original": {
        "owner": "nixos",
        "ref": "nixos-unstable",
        "repo": "nixpkgs",
        "type": "github"
      }
    },
    "root": {
      "inputs": {
        "chaotic": "chaotic",
        "home-manager": "home-manager_2",
        "nixpkgs": "nixpkgs_2",
        "spicetify-nix": "spicetify-nix",
        "stable": "stable",
        "zen-browser": "zen-browser"
      }
    },
    "rust-analyzer-src": {
      "flake": false,
      "locked": {
        "lastModified": 1746722075,
        "narHash": "sha256-t4ZntWiW4C3lE621lV3XyK3KltC5/SW1V9G+CSz70rQ=",
        "owner": "rust-lang",
        "repo": "rust-analyzer",
        "rev": "8b624868e4ce2cb5b39559175f0978bee86bdeea",
        "type": "github"
      },
      "original": {
        "owner": "rust-lang",
        "ref": "nightly",
        "repo": "rust-analyzer",
        "type": "github"
      }
    },
    "spicetify-nix": {
      "inputs": {
        "nixpkgs": [
          "nixpkgs"
        ],
        "systems": "systems"
      },
      "locked": {
        "lastModified": 1746937129,
        "narHash": "sha256-Dx/YpnRridWnxF0Xpz9FUP3kl/m2QAOM2BM3KNls3sk=",
        "owner": "Gerg-L",
        "repo": "spicetify-nix",
        "rev": "8f1c5c34cf5f99e1d7197d6d9fa7dd44f00966f0",
        "type": "github"
      },
      "original": {
        "owner": "Gerg-L",
        "repo": "spicetify-nix",
        "type": "github"
      }
    },
    "stable": {
      "locked": {
        "lastModified": 1720535198,
        "narHash": "sha256-zwVvxrdIzralnSbcpghA92tWu2DV2lwv89xZc8MTrbg=",
        "owner": "nixos",
        "repo": "nixpkgs",
        "rev": "205fd4226592cc83fd4c0885a3e4c9c400efabb5",
        "type": "github"
      },
      "original": {
        "owner": "nixos",
        "ref": "nixos-23.11",
        "repo": "nixpkgs",
        "type": "github"
      }
    },
    "systems": {
      "locked": {
        "lastModified": 1681028828,
        "narHash": "sha256-Vy1rq5AaRuLzOxct8nz4T6wlgyUR7zLU309k9mBC768=",
        "owner": "nix-systems",
        "repo": "default",
        "rev": "da67096a3b9bf56a91d16901293e51ba5b49a27e",
        "type": "github"
      },
      "original": {
        "owner": "nix-systems",
        "repo": "default",
        "type": "github"
      }
    },
    "zen-browser": {
      "inputs": {
        "home-manager": "home-manager_3",
        "nixpkgs": [
          "nixpkgs"
        ]
      },
      "locked": {
        "lastModified": 1746976679,
        "narHash": "sha256-zY1wU9gp4B8I+5MrJha8Te4/0VQTzUwbQN+9XztOhLg=",
        "owner": "0xc000022070",
        "repo": "zen-browser-flake",
        "rev": "9c9a9814a733509c4b46014cf60066eed0fdd72f",
        "type": "github"
      },
      "original": {
        "owner": "0xc000022070",
        "repo": "zen-browser-flake",
        "type": "github"
      }
    }
  },
  "root": "root",
  "version": 7
}
